
Microsoft Visual Studio Solution File, Format Version 12.00
# Visual Studio Version 17
VisualStudioVersion = 17.5.002.0
MinimumVisualStudioVersion = 10.0.40219.1
Project("{9A19103F-16F7-4668-BE54-9A1E7A4F7556}") = "S1-L1ESERCIZIO", "S1-L1ESERCIZIO.csproj", "{A14E8CB5-1589-433C-9DF6-99B39986B67B}"
EndProject
Global
	GlobalSection(SolutionConfigurationPlatforms) = preSolution
		Debug|Any CPU = Debug|Any CPU
		Release|Any CPU = Release|Any CPU
	EndGlobalSection
	GlobalSection(ProjectConfigurationPlatforms) = postSolution
		{A14E8CB5-1589-433C-9DF6-99B39986B67B}.Debug|Any CPU.ActiveCfg = Debug|Any CPU
		{A14E8CB5-1589-433C-9DF6-99B39986B67B}.Debug|Any CPU.Build.0 = Debug|Any CPU
		{A14E8CB5-1589-433C-9DF6-99B39986B67B}.Release|Any CPU.ActiveCfg = Release|Any CPU
		{A14E8CB5-1589-433C-9DF6-99B39986B67B}.Release|Any CPU.Build.0 = Release|Any CPU
	EndGlobalSection
	GlobalSection(SolutionProperties) = preSolution
		HideSolutionNode = FALSE
	EndGlobalSection
	GlobalSection(ExtensibilityGlobals) = postSolution
		SolutionGuid = {9203BA12-984E-4A33-89AF-8FFE606521DC}
	EndGlobalSection
EndGlobal
